
Microsoft Visual Studio Solution File, Format Version 12.00
# Visual Studio Version 16
VisualStudioVersion = 16.0.30621.155
MinimumVisualStudioVersion = 10.0.40219.1
Project("{8BC9CEB8-8B4A-11D0-8D11-00A0C91BC942}") = "PNavesRaras", "PNavesRaras\PNavesRaras.vcxproj", "{D73988A7-ECFE-45E7-A54D-737C140E5615}"
EndProject
Global
	GlobalSection(SolutionConfigurationPlatforms) = preSolution
		Debug|x64 = Debug|x64
		Debug|x86 = Debug|x86
		Release|x64 = Release|x64
		Release|x86 = Release|x86
	EndGlobalSection
	GlobalSection(ProjectConfigurationPlatforms) = postSolution
		{D73988A7-ECFE-45E7-A54D-737C140E5615}.Debug|x64.ActiveCfg = Debug|x64
		{D73988A7-ECFE-45E7-A54D-737C140E5615}.Debug|x64.Build.0 = Debug|x64
		{D73988A7-ECFE-45E7-A54D-737C140E5615}.Debug|x86.ActiveCfg = Debug|Win32
		{D73988A7-ECFE-45E7-A54D-737C140E5615}.Debug|x86.Build.0 = Debug|Win32
		{D73988A7-ECFE-45E7-A54D-737C140E5615}.Release|x64.ActiveCfg = Release|x64
		{D73988A7-ECFE-45E7-A54D-737C140E5615}.Release|x64.Build.0 = Release|x64
		{D73988A7-ECFE-45E7-A54D-737C140E5615}.Release|x86.ActiveCfg = Release|Win32
		{D73988A7-ECFE-45E7-A54D-737C140E5615}.Release|x86.Build.0 = Release|Win32
	EndGlobalSection
	GlobalSection(SolutionProperties) = preSolution
		HideSolutionNode = FALSE
	EndGlobalSection
	GlobalSection(ExtensibilityGlobals) = postSolution
		SolutionGuid = {BBF6C76B-652A-44D6-B12C-2C9B983C49F4}
	EndGlobalSection
EndGlobal
